// !$*UTF8*$!
{
	archiveVersion = 1;
	classes = {
	};
	objectVersion = 46;
	objects = {

/* Begin PBXBuildFile section */
		6327426D1CA380F60013A311 /* AppDelegate.swift in Sources */ = {isa = PBXBuildFile; fileRef = 6327426C1CA380F60013A311 /* AppDelegate.swift */; };
		6327426F1CA380F60013A311 /* TEHomeViewController.swift in Sources */ = {isa = PBXBuildFile; fileRef = 6327426E1CA380F60013A311 /* TEHomeViewController.swift */; };
		632742741CA380F60013A311 /* Assets.xcassets in Resources */ = {isa = PBXBuildFile; fileRef = 632742731CA380F60013A311 /* Assets.xcassets */; };
		632742771CA380F60013A311 /* LaunchScreen.storyboard in Resources */ = {isa = PBXBuildFile; fileRef = 632742751CA380F60013A311 /* LaunchScreen.storyboard */; };
		B28AA5031CB1E25B00D55158 /* TEMain.storyboard in Resources */ = {isa = PBXBuildFile; fileRef = B28AA5021CB1E25B00D55158 /* TEMain.storyboard */; };
		B29F12C81CB1E8BF00938833 /* TEHome.storyboard in Resources */ = {isa = PBXBuildFile; fileRef = B29F12C71CB1E8BF00938833 /* TEHome.storyboard */; };
		B29F12CA1CB1E8FF00938833 /* TEContact.storyboard in Resources */ = {isa = PBXBuildFile; fileRef = B29F12C91CB1E8FF00938833 /* TEContact.storyboard */; };
		B29F12CC1CB1E91400938833 /* TENews.storyboard in Resources */ = {isa = PBXBuildFile; fileRef = B29F12CB1CB1E91400938833 /* TENews.storyboard */; };
		B29F12CE1CB1E92000938833 /* TECalendar.storyboard in Resources */ = {isa = PBXBuildFile; fileRef = B29F12CD1CB1E92000938833 /* TECalendar.storyboard */; };
		B29F12D11CB1F0AA00938833 /* TEDefinitions.swift in Sources */ = {isa = PBXBuildFile; fileRef = B29F12D01CB1F0AA00938833 /* TEDefinitions.swift */; };
		B29F12D31CB1F2B700938833 /* TEMainTabController.swift in Sources */ = {isa = PBXBuildFile; fileRef = B29F12D21CB1F2B700938833 /* TEMainTabController.swift */; };
		B29F12D61CB1FC1900938833 /* TEHomeViewModel.swift in Sources */ = {isa = PBXBuildFile; fileRef = B29F12D51CB1FC1900938833 /* TEHomeViewModel.swift */; };
		B2AC413A1CAF765E0039CC1B /* TENewsViewController.swift in Sources */ = {isa = PBXBuildFile; fileRef = B2AC41391CAF765E0039CC1B /* TENewsViewController.swift */; };
		B2AC413C1CAF76AC0039CC1B /* TECalendarViewController.swift in Sources */ = {isa = PBXBuildFile; fileRef = B2AC413B1CAF76AC0039CC1B /* TECalendarViewController.swift */; };
		B2AC413E1CAF76EF0039CC1B /* TEContactViewController.swift in Sources */ = {isa = PBXBuildFile; fileRef = B2AC413D1CAF76EF0039CC1B /* TEContactViewController.swift */; };
/* End PBXBuildFile section */

/* Begin PBXFileReference section */
		632742691CA380F60013A311 /* YouthExploringScience.app */ = {isa = PBXFileReference; explicitFileType = wrapper.application; includeInIndex = 0; path = YouthExploringScience.app; sourceTree = BUILT_PRODUCTS_DIR; };
		6327426C1CA380F60013A311 /* AppDelegate.swift */ = {isa = PBXFileReference; lastKnownFileType = sourcecode.swift; path = AppDelegate.swift; sourceTree = "<group>"; };
		6327426E1CA380F60013A311 /* TEHomeViewController.swift */ = {isa = PBXFileReference; lastKnownFileType = sourcecode.swift; path = TEHomeViewController.swift; sourceTree = "<group>"; };
		632742731CA380F60013A311 /* Assets.xcassets */ = {isa = PBXFileReference; lastKnownFileType = folder.assetcatalog; path = Assets.xcassets; sourceTree = "<group>"; };
		632742761CA380F60013A311 /* Base */ = {isa = PBXFileReference; lastKnownFileType = file.storyboard; name = Base; path = Base.lproj/LaunchScreen.storyboard; sourceTree = "<group>"; };
		632742781CA380F60013A311 /* Info.plist */ = {isa = PBXFileReference; lastKnownFileType = text.plist.xml; path = Info.plist; sourceTree = "<group>"; };
		B28AA5021CB1E25B00D55158 /* TEMain.storyboard */ = {isa = PBXFileReference; fileEncoding = 4; lastKnownFileType = file.storyboard; path = TEMain.storyboard; sourceTree = "<group>"; };
		B29F12C71CB1E8BF00938833 /* TEHome.storyboard */ = {isa = PBXFileReference; fileEncoding = 4; lastKnownFileType = file.storyboard; path = TEHome.storyboard; sourceTree = "<group>"; };
		B29F12C91CB1E8FF00938833 /* TEContact.storyboard */ = {isa = PBXFileReference; fileEncoding = 4; lastKnownFileType = file.storyboard; path = TEContact.storyboard; sourceTree = "<group>"; };
		B29F12CB1CB1E91400938833 /* TENews.storyboard */ = {isa = PBXFileReference; fileEncoding = 4; lastKnownFileType = file.storyboard; path = TENews.storyboard; sourceTree = "<group>"; };
		B29F12CD1CB1E92000938833 /* TECalendar.storyboard */ = {isa = PBXFileReference; fileEncoding = 4; lastKnownFileType = file.storyboard; path = TECalendar.storyboard; sourceTree = "<group>"; };
		B29F12D01CB1F0AA00938833 /* TEDefinitions.swift */ = {isa = PBXFileReference; fileEncoding = 4; lastKnownFileType = sourcecode.swift; path = TEDefinitions.swift; sourceTree = "<group>"; };
		B29F12D21CB1F2B700938833 /* TEMainTabController.swift */ = {isa = PBXFileReference; fileEncoding = 4; lastKnownFileType = sourcecode.swift; path = TEMainTabController.swift; sourceTree = "<group>"; };
		B29F12D51CB1FC1900938833 /* TEHomeViewModel.swift */ = {isa = PBXFileReference; fileEncoding = 4; lastKnownFileType = sourcecode.swift; path = TEHomeViewModel.swift; sourceTree = "<group>"; };
		B2AC41391CAF765E0039CC1B /* TENewsViewController.swift */ = {isa = PBXFileReference; fileEncoding = 4; lastKnownFileType = sourcecode.swift; path = TENewsViewController.swift; sourceTree = "<group>"; };
		B2AC413B1CAF76AC0039CC1B /* TECalendarViewController.swift */ = {isa = PBXFileReference; fileEncoding = 4; lastKnownFileType = sourcecode.swift; path = TECalendarViewController.swift; sourceTree = "<group>"; };
		B2AC413D1CAF76EF0039CC1B /* TEContactViewController.swift */ = {isa = PBXFileReference; fileEncoding = 4; lastKnownFileType = sourcecode.swift; path = TEContactViewController.swift; sourceTree = "<group>"; };
/* End PBXFileReference section */

/* Begin PBXFrameworksBuildPhase section */
		632742661CA380F60013A311 /* Frameworks */ = {
			isa = PBXFrameworksBuildPhase;
			buildActionMask = 2147483647;
			files = (
			);
			runOnlyForDeploymentPostprocessing = 0;
		};
/* End PBXFrameworksBuildPhase section */

/* Begin PBXGroup section */
		632742601CA380F60013A311 = {
			isa = PBXGroup;
			children = (
				6327426B1CA380F60013A311 /* YouthExploringScience */,
				6327426A1CA380F60013A311 /* Products */,
			);
			sourceTree = "<group>";
		};
		6327426A1CA380F60013A311 /* Products */ = {
			isa = PBXGroup;
			children = (
				632742691CA380F60013A311 /* YouthExploringScience.app */,
			);
			name = Products;
			sourceTree = "<group>";
		};
		6327426B1CA380F60013A311 /* YouthExploringScience */ = {
			isa = PBXGroup;
			children = (
				B2AC41221CAF22550039CC1B /* Utilities */,
				B2AC41261CAF72550039CC1B /* Contact */,
				B2AC41251CAF724D0039CC1B /* Calendar */,
				B2AC41241CAF72360039CC1B /* News */,
				B2AC41231CAF225B0039CC1B /* Home */,
				B2AC41211CAF22030039CC1B /* Base Classes */,
			);
			path = YouthExploringScience;
			sourceTree = "<group>";
		};
		B29F12D41CB1F34000938833 /* Main Tab */ = {
			isa = PBXGroup;
			children = (
				B29F12D21CB1F2B700938833 /* TEMainTabController.swift */,
				B28AA5021CB1E25B00D55158 /* TEMain.storyboard */,
			);
			name = "Main Tab";
			sourceTree = "<group>";
		};
		B2AC41211CAF22030039CC1B /* Base Classes */ = {
			isa = PBXGroup;
			children = (
				B29F12D41CB1F34000938833 /* Main Tab */,
				6327426C1CA380F60013A311 /* AppDelegate.swift */,
				632742731CA380F60013A311 /* Assets.xcassets */,
				632742751CA380F60013A311 /* LaunchScreen.storyboard */,
				632742781CA380F60013A311 /* Info.plist */,
			);
			name = "Base Classes";
			sourceTree = "<group>";
		};
		B2AC41221CAF22550039CC1B /* Utilities */ = {
			isa = PBXGroup;
			children = (
				B29F12D01CB1F0AA00938833 /* TEDefinitions.swift */,
			);
			name = Utilities;
			sourceTree = "<group>";
		};
		B2AC41231CAF225B0039CC1B /* Home */ = {
			isa = PBXGroup;
			children = (
				B29F12C71CB1E8BF00938833 /* TEHome.storyboard */,
				B2AC41381CAF73040039CC1B /* Controllers */,
				B2AC41371CAF72FF0039CC1B /* Views */,
				B2AC41361CAF72FA0039CC1B /* Models */,
			);
			name = Home;
			sourceTree = "<group>";
		};
		B2AC41241CAF72360039CC1B /* News */ = {
			isa = PBXGroup;
			children = (
				B29F12CB1CB1E91400938833 /* TENews.storyboard */,
				B2AC41351CAF72F20039CC1B /* Controllers */,
				B2AC41341CAF72EB0039CC1B /* Views */,
				B2AC41331CAF72E70039CC1B /* Models */,
			);
			name = News;
			sourceTree = "<group>";
		};
		B2AC41251CAF724D0039CC1B /* Calendar */ = {
			isa = PBXGroup;
			children = (
				B29F12CD1CB1E92000938833 /* TECalendar.storyboard */,
				B2AC41321CAF72DF0039CC1B /* Controllers */,
				B2AC41311CAF72DA0039CC1B /* Views */,
				B2AC41301CAF72D40039CC1B /* Models */,
			);
			name = Calendar;
			sourceTree = "<group>";
		};
		B2AC41261CAF72550039CC1B /* Contact */ = {
			isa = PBXGroup;
			children = (
				B29F12C91CB1E8FF00938833 /* TEContact.storyboard */,
				B2AC412F1CAF72C90039CC1B /* Controllers */,
				B2AC412E1CAF72C40039CC1B /* Views */,
				B2AC412D1CAF72BD0039CC1B /* Models */,
			);
			name = Contact;
			sourceTree = "<group>";
		};
		B2AC412D1CAF72BD0039CC1B /* Models */ = {
			isa = PBXGroup;
			children = (
			);
			name = Models;
			sourceTree = "<group>";
		};
		B2AC412E1CAF72C40039CC1B /* Views */ = {
			isa = PBXGroup;
			children = (
			);
			name = Views;
			sourceTree = "<group>";
		};
		B2AC412F1CAF72C90039CC1B /* Controllers */ = {
			isa = PBXGroup;
			children = (
				B2AC413D1CAF76EF0039CC1B /* TEContactViewController.swift */,
			);
			name = Controllers;
			sourceTree = "<group>";
		};
		B2AC41301CAF72D40039CC1B /* Models */ = {
			isa = PBXGroup;
			children = (
			);
			name = Models;
			sourceTree = "<group>";
		};
		B2AC41311CAF72DA0039CC1B /* Views */ = {
			isa = PBXGroup;
			children = (
			);
			name = Views;
			sourceTree = "<group>";
		};
		B2AC41321CAF72DF0039CC1B /* Controllers */ = {
			isa = PBXGroup;
			children = (
				B2AC413B1CAF76AC0039CC1B /* TECalendarViewController.swift */,
			);
			name = Controllers;
			sourceTree = "<group>";
		};
		B2AC41331CAF72E70039CC1B /* Models */ = {
			isa = PBXGroup;
			children = (
			);
			name = Models;
			sourceTree = "<group>";
		};
		B2AC41341CAF72EB0039CC1B /* Views */ = {
			isa = PBXGroup;
			children = (
			);
			name = Views;
			sourceTree = "<group>";
		};
		B2AC41351CAF72F20039CC1B /* Controllers */ = {
			isa = PBXGroup;
			children = (
				B2AC41391CAF765E0039CC1B /* TENewsViewController.swift */,
			);
			name = Controllers;
			sourceTree = "<group>";
		};
		B2AC41361CAF72FA0039CC1B /* Models */ = {
			isa = PBXGroup;
			children = (
				B29F12D51CB1FC1900938833 /* TEHomeViewModel.swift */,
			);
			name = Models;
			sourceTree = "<group>";
		};
		B2AC41371CAF72FF0039CC1B /* Views */ = {
			isa = PBXGroup;
			children = (
			);
			name = Views;
			sourceTree = "<group>";
		};
		B2AC41381CAF73040039CC1B /* Controllers */ = {
			isa = PBXGroup;
			children = (
				6327426E1CA380F60013A311 /* TEHomeViewController.swift */,
			);
			name = Controllers;
			sourceTree = "<group>";
		};
/* End PBXGroup section */

/* Begin PBXNativeTarget section */
		632742681CA380F60013A311 /* YouthExploringScience */ = {
			isa = PBXNativeTarget;
			buildConfigurationList = 6327427B1CA380F60013A311 /* Build configuration list for PBXNativeTarget "YouthExploringScience" */;
			buildPhases = (
				632742651CA380F60013A311 /* Sources */,
				632742661CA380F60013A311 /* Frameworks */,
				632742671CA380F60013A311 /* Resources */,
			);
			buildRules = (
			);
			dependencies = (
			);
			name = YouthExploringScience;
			productName = YouthExploringScience;
			productReference = 632742691CA380F60013A311 /* YouthExploringScience.app */;
			productType = "com.apple.product-type.application";
		};
/* End PBXNativeTarget section */

/* Begin PBXProject section */
		632742611CA380F60013A311 /* Project object */ = {
			isa = PBXProject;
			attributes = {
				LastSwiftUpdateCheck = 0720;
				LastUpgradeCheck = 0720;
				ORGANIZATIONNAME = "St. Louis Science Center";
				TargetAttributes = {
					632742681CA380F60013A311 = {
						CreatedOnToolsVersion = 7.2.1;
						DevelopmentTeam = 2A5DFAUYKK;
					};
				};
			};
			buildConfigurationList = 632742641CA380F60013A311 /* Build configuration list for PBXProject "YouthExploringScience" */;
			compatibilityVersion = "Xcode 3.2";
			developmentRegion = English;
			hasScannedForEncodings = 0;
			knownRegions = (
				en,
				Base,
			);
			mainGroup = 632742601CA380F60013A311;
			productRefGroup = 6327426A1CA380F60013A311 /* Products */;
			projectDirPath = "";
			projectRoot = "";
			targets = (
				632742681CA380F60013A311 /* YouthExploringScience */,
			);
		};
/* End PBXProject section */

/* Begin PBXResourcesBuildPhase section */
		632742671CA380F60013A311 /* Resources */ = {
			isa = PBXResourcesBuildPhase;
			buildActionMask = 2147483647;
			files = (
				632742771CA380F60013A311 /* LaunchScreen.storyboard in Resources */,
				632742741CA380F60013A311 /* Assets.xcassets in Resources */,
				B29F12CE1CB1E92000938833 /* TECalendar.storyboard in Resources */,
				B29F12C81CB1E8BF00938833 /* TEHome.storyboard in Resources */,
				B28AA5031CB1E25B00D55158 /* TEMain.storyboard in Resources */,
				B29F12CC1CB1E91400938833 /* TENews.storyboard in Resources */,
				B29F12CA1CB1E8FF00938833 /* TEContact.storyboard in Resources */,
			);
			runOnlyForDeploymentPostprocessing = 0;
		};
/* End PBXResourcesBuildPhase section */

/* Begin PBXSourcesBuildPhase section */
		632742651CA380F60013A311 /* Sources */ = {
			isa = PBXSourcesBuildPhase;
			buildActionMask = 2147483647;
			files = (
				B2AC413A1CAF765E0039CC1B /* TENewsViewController.swift in Sources */,
				B29F12D11CB1F0AA00938833 /* TEDefinitions.swift in Sources */,
				6327426F1CA380F60013A311 /* TEHomeViewController.swift in Sources */,
				B2AC413E1CAF76EF0039CC1B /* TEContactViewController.swift in Sources */,
				6327426D1CA380F60013A311 /* AppDelegate.swift in Sources */,
				B29F12D31CB1F2B700938833 /* TEMainTabController.swift in Sources */,
				B29F12D61CB1FC1900938833 /* TEHomeViewModel.swift in Sources */,
				B2AC413C1CAF76AC0039CC1B /* TECalendarViewController.swift in Sources */,
			);
			runOnlyForDeploymentPostprocessing = 0;
		};
/* End PBXSourcesBuildPhase section */

/* Begin PBXVariantGroup section */
		632742751CA380F60013A311 /* LaunchScreen.storyboard */ = {
			isa = PBXVariantGroup;
			children = (
				632742761CA380F60013A311 /* Base */,
			);
			name = LaunchScreen.storyboard;
			sourceTree = "<group>";
		};
/* End PBXVariantGroup section */

/* Begin XCBuildConfiguration section */
		632742791CA380F60013A311 /* Debug */ = {
			isa = XCBuildConfiguration;
			buildSettings = {
				ALWAYS_SEARCH_USER_PATHS = NO;
				CLANG_CXX_LANGUAGE_STANDARD = "gnu++0x";
				CLANG_CXX_LIBRARY = "libc++";
				CLANG_ENABLE_MODULES = YES;
				CLANG_ENABLE_OBJC_ARC = YES;
				CLANG_WARN_BOOL_CONVERSION = YES;
				CLANG_WARN_CONSTANT_CONVERSION = YES;
				CLANG_WARN_DIRECT_OBJC_ISA_USAGE = YES_ERROR;
				CLANG_WARN_EMPTY_BODY = YES;
				CLANG_WARN_ENUM_CONVERSION = YES;
				CLANG_WARN_INT_CONVERSION = YES;
				CLANG_WARN_OBJC_ROOT_CLASS = YES_ERROR;
				CLANG_WARN_UNREACHABLE_CODE = YES;
				CLANG_WARN__DUPLICATE_METHOD_MATCH = YES;
				"CODE_SIGN_IDENTITY[sdk=iphoneos*]" = "iPhone Developer";
				COPY_PHASE_STRIP = NO;
				DEBUG_INFORMATION_FORMAT = dwarf;
				ENABLE_STRICT_OBJC_MSGSEND = YES;
				ENABLE_TESTABILITY = YES;
				GCC_C_LANGUAGE_STANDARD = gnu99;
				GCC_DYNAMIC_NO_PIC = NO;
				GCC_NO_COMMON_BLOCKS = YES;
				GCC_OPTIMIZATION_LEVEL = 0;
				GCC_PREPROCESSOR_DEFINITIONS = (
					"DEBUG=1",
					"$(inherited)",
				);
				GCC_WARN_64_TO_32_BIT_CONVERSION = YES;
				GCC_WARN_ABOUT_RETURN_TYPE = YES_ERROR;
				GCC_WARN_UNDECLARED_SELECTOR = YES;
				GCC_WARN_UNINITIALIZED_AUTOS = YES_AGGRESSIVE;
				GCC_WARN_UNUSED_FUNCTION = YES;
				GCC_WARN_UNUSED_VARIABLE = YES;
				IPHONEOS_DEPLOYMENT_TARGET = 9.2;
				MTL_ENABLE_DEBUG_INFO = YES;
				ONLY_ACTIVE_ARCH = YES;
				SDKROOT = iphoneos;
				SWIFT_OPTIMIZATION_LEVEL = "-Onone";
				TARGETED_DEVICE_FAMILY = "1,2";
			};
			name = Debug;
		};
		6327427A1CA380F60013A311 /* Release */ = {
			isa = XCBuildConfiguration;
			buildSettings = {
				ALWAYS_SEARCH_USER_PATHS = NO;
				CLANG_CXX_LANGUAGE_STANDARD = "gnu++0x";
				CLANG_CXX_LIBRARY = "libc++";
				CLANG_ENABLE_MODULES = YES;
				CLANG_ENABLE_OBJC_ARC = YES;
				CLANG_WARN_BOOL_CONVERSION = YES;
				CLANG_WARN_CONSTANT_CONVERSION = YES;
				CLANG_WARN_DIRECT_OBJC_ISA_USAGE = YES_ERROR;
				CLANG_WARN_EMPTY_BODY = YES;
				CLANG_WARN_ENUM_CONVERSION = YES;
				CLANG_WARN_INT_CONVERSION = YES;
				CLANG_WARN_OBJC_ROOT_CLASS = YES_ERROR;
				CLANG_WARN_UNREACHABLE_CODE = YES;
				CLANG_WARN__DUPLICATE_METHOD_MATCH = YES;
				"CODE_SIGN_IDENTITY[sdk=iphoneos*]" = "iPhone Developer";
				COPY_PHASE_STRIP = NO;
				DEBUG_INFORMATION_FORMAT = "dwarf-with-dsym";
				ENABLE_NS_ASSERTIONS = NO;
				ENABLE_STRICT_OBJC_MSGSEND = YES;
				GCC_C_LANGUAGE_STANDARD = gnu99;
				GCC_NO_COMMON_BLOCKS = YES;
				GCC_WARN_64_TO_32_BIT_CONVERSION = YES;
				GCC_WARN_ABOUT_RETURN_TYPE = YES_ERROR;
				GCC_WARN_UNDECLARED_SELECTOR = YES;
				GCC_WARN_UNINITIALIZED_AUTOS = YES_AGGRESSIVE;
				GCC_WARN_UNUSED_FUNCTION = YES;
				GCC_WARN_UNUSED_VARIABLE = YES;
				IPHONEOS_DEPLOYMENT_TARGET = 9.2;
				MTL_ENABLE_DEBUG_INFO = NO;
				SDKROOT = iphoneos;
				TARGETED_DEVICE_FAMILY = "1,2";
				VALIDATE_PRODUCT = YES;
			};
			name = Release;
		};
		6327427C1CA380F60013A311 /* Debug */ = {
			isa = XCBuildConfiguration;
			buildSettings = {
				ASSETCATALOG_COMPILER_APPICON_NAME = AppIcon;
				INFOPLIST_FILE = YouthExploringScience/Info.plist;
				LD_RUNPATH_SEARCH_PATHS = "$(inherited) @executable_path/Frameworks";
				PRODUCT_BUNDLE_IDENTIFIER = CS4500.TrialAndError.YouthExploringScience;
				PRODUCT_NAME = "$(TARGET_NAME)";
				TARGETED_DEVICE_FAMILY = 1;
			};
			name = Debug;
		};
		6327427D1CA380F60013A311 /* Release */ = {
			isa = XCBuildConfiguration;
			buildSettings = {
				ASSETCATALOG_COMPILER_APPICON_NAME = AppIcon;
				INFOPLIST_FILE = YouthExploringScience/Info.plist;
				LD_RUNPATH_SEARCH_PATHS = "$(inherited) @executable_path/Frameworks";
				PRODUCT_BUNDLE_IDENTIFIER = CS4500.TrialAndError.YouthExploringScience;
				PRODUCT_NAME = "$(TARGET_NAME)";
				TARGETED_DEVICE_FAMILY = 1;
			};
			name = Release;
		};
/* End XCBuildConfiguration section */

/* Begin XCConfigurationList section */
		632742641CA380F60013A311 /* Build configuration list for PBXProject "YouthExploringScience" */ = {
			isa = XCConfigurationList;
			buildConfigurations = (
				632742791CA380F60013A311 /* Debug */,
				6327427A1CA380F60013A311 /* Release */,
			);
			defaultConfigurationIsVisible = 0;
			defaultConfigurationName = Release;
		};
		6327427B1CA380F60013A311 /* Build configuration list for PBXNativeTarget "YouthExploringScience" */ = {
			isa = XCConfigurationList;
			buildConfigurations = (
				6327427C1CA380F60013A311 /* Debug */,
				6327427D1CA380F60013A311 /* Release */,
			);
			defaultConfigurationIsVisible = 0;
			defaultConfigurationName = Release;
		};
/* End XCConfigurationList section */
	};
	rootObject = 632742611CA380F60013A311 /* Project object */;
}
